
Microsoft Visual Studio Solution File, Format Version 12.00
# Visual Studio 2013
VisualStudioVersion = 12.0.40629.0
MinimumVisualStudioVersion = 10.0.40219.1
Project("{2150E333-8FDC-42A3-9474-1A3956D46DE8}") = "DAL", "DAL", "{7C6EF5DC-5ADA-461F-AAEC-488D86D6BD32}"
EndProject
Project("{2150E333-8FDC-42A3-9474-1A3956D46DE8}") = "BLL", "BLL", "{D3A7D1D9-DC4B-45C9-8D85-F4F9C6378731}"
EndProject
Project("{2150E333-8FDC-42A3-9474-1A3956D46DE8}") = "PL", "PL", "{6057DF08-4285-4864-9781-81F9C4082AF5}"
EndProject
Project("{FAE04EC0-301F-11D3-BF4B-00C04F79EFBC}") = "ExitTask.Domain", "ExitTask.Domain\ExitTask.Domain.csproj", "{55BAD3CB-FB6E-4D79-8B45-3F983A99F744}"
EndProject
Project("{FAE04EC0-301F-11D3-BF4B-00C04F79EFBC}") = "ExitTask.Application", "ExitTask.Application\ExitTask.Application.csproj", "{9976A875-1601-4D97-90F1-ED3C2E460C2C}"
EndProject
Project("{FAE04EC0-301F-11D3-BF4B-00C04F79EFBC}") = "ExitTask.Infrastructure", "ExitTask.Infrastructure\ExitTask.Infrastructure.csproj", "{D07976DA-053C-47B5-9F13-63BCFD3DF6EA}"
EndProject
Project("{FAE04EC0-301F-11D3-BF4B-00C04F79EFBC}") = "ExitTask.Presentation", "ExitTask.Presentation\ExitTask.Presentation.csproj", "{B2120C4F-3607-404A-9C25-C45D41D2566E}"
EndProject
Global
	GlobalSection(SolutionConfigurationPlatforms) = preSolution
		Debug|Any CPU = Debug|Any CPU
		Release|Any CPU = Release|Any CPU
	EndGlobalSection
	GlobalSection(ProjectConfigurationPlatforms) = postSolution
		{55BAD3CB-FB6E-4D79-8B45-3F983A99F744}.Debug|Any CPU.ActiveCfg = Debug|Any CPU
		{55BAD3CB-FB6E-4D79-8B45-3F983A99F744}.Debug|Any CPU.Build.0 = Debug|Any CPU
		{55BAD3CB-FB6E-4D79-8B45-3F983A99F744}.Release|Any CPU.ActiveCfg = Release|Any CPU
		{55BAD3CB-FB6E-4D79-8B45-3F983A99F744}.Release|Any CPU.Build.0 = Release|Any CPU
		{9976A875-1601-4D97-90F1-ED3C2E460C2C}.Debug|Any CPU.ActiveCfg = Debug|Any CPU
		{9976A875-1601-4D97-90F1-ED3C2E460C2C}.Debug|Any CPU.Build.0 = Debug|Any CPU
		{9976A875-1601-4D97-90F1-ED3C2E460C2C}.Release|Any CPU.ActiveCfg = Release|Any CPU
		{9976A875-1601-4D97-90F1-ED3C2E460C2C}.Release|Any CPU.Build.0 = Release|Any CPU
		{D07976DA-053C-47B5-9F13-63BCFD3DF6EA}.Debug|Any CPU.ActiveCfg = Debug|Any CPU
		{D07976DA-053C-47B5-9F13-63BCFD3DF6EA}.Debug|Any CPU.Build.0 = Debug|Any CPU
		{D07976DA-053C-47B5-9F13-63BCFD3DF6EA}.Release|Any CPU.ActiveCfg = Release|Any CPU
		{D07976DA-053C-47B5-9F13-63BCFD3DF6EA}.Release|Any CPU.Build.0 = Release|Any CPU
		{B2120C4F-3607-404A-9C25-C45D41D2566E}.Debug|Any CPU.ActiveCfg = Debug|Any CPU
		{B2120C4F-3607-404A-9C25-C45D41D2566E}.Debug|Any CPU.Build.0 = Debug|Any CPU
		{B2120C4F-3607-404A-9C25-C45D41D2566E}.Release|Any CPU.ActiveCfg = Release|Any CPU
		{B2120C4F-3607-404A-9C25-C45D41D2566E}.Release|Any CPU.Build.0 = Release|Any CPU
	EndGlobalSection
	GlobalSection(SolutionProperties) = preSolution
		HideSolutionNode = FALSE
	EndGlobalSection
	GlobalSection(NestedProjects) = preSolution
		{55BAD3CB-FB6E-4D79-8B45-3F983A99F744} = {7C6EF5DC-5ADA-461F-AAEC-488D86D6BD32}
		{9976A875-1601-4D97-90F1-ED3C2E460C2C} = {D3A7D1D9-DC4B-45C9-8D85-F4F9C6378731}
		{D07976DA-053C-47B5-9F13-63BCFD3DF6EA} = {7C6EF5DC-5ADA-461F-AAEC-488D86D6BD32}
		{B2120C4F-3607-404A-9C25-C45D41D2566E} = {6057DF08-4285-4864-9781-81F9C4082AF5}
	EndGlobalSection
EndGlobal
